
Microsoft Visual Studio Solution File, Format Version 11.00
# Visual Studio 2010
Project("{FAE04EC0-301F-11D3-BF4B-00C04F79EFBC}") = "单元测试初阶", "单元测试初阶\单元测试初阶.csproj", "{275D2213-5030-4B1B-A152-BAE6ED91A686}"
EndProject
Project("{FAE04EC0-301F-11D3-BF4B-00C04F79EFBC}") = "AddTest", "AddTest\AddTest.csproj", "{2633E4A8-ECFA-4283-A232-C996B7208121}"
EndProject
Project("{2150E333-8FDC-42A3-9474-1A3956D46DE8}") = "Solution Items", "Solution Items", "{A01A1626-19CB-45AA-A6C4-C47FE517767C}"
	ProjectSection(SolutionItems) = preProject
		Local.testsettings = Local.testsettings
		TraceAndTestImpact.testsettings = TraceAndTestImpact.testsettings
		单元测试.vsmdi = 单元测试.vsmdi
	EndProjectSection
EndProject
Global
	GlobalSection(TestCaseManagementSettings) = postSolution
		CategoryFile = 单元测试.vsmdi
	EndGlobalSection
	GlobalSection(SolutionConfigurationPlatforms) = preSolution
		Debug|Any CPU = Debug|Any CPU
		Debug|Mixed Platforms = Debug|Mixed Platforms
		Debug|x86 = Debug|x86
		Release|Any CPU = Release|Any CPU
		Release|Mixed Platforms = Release|Mixed Platforms
		Release|x86 = Release|x86
	EndGlobalSection
	GlobalSection(ProjectConfigurationPlatforms) = postSolution
		{275D2213-5030-4B1B-A152-BAE6ED91A686}.Debug|Any CPU.ActiveCfg = Debug|x86
		{275D2213-5030-4B1B-A152-BAE6ED91A686}.Debug|Mixed Platforms.ActiveCfg = Debug|x86
		{275D2213-5030-4B1B-A152-BAE6ED91A686}.Debug|Mixed Platforms.Build.0 = Debug|x86
		{275D2213-5030-4B1B-A152-BAE6ED91A686}.Debug|x86.ActiveCfg = Debug|x86
		{275D2213-5030-4B1B-A152-BAE6ED91A686}.Debug|x86.Build.0 = Debug|x86
		{275D2213-5030-4B1B-A152-BAE6ED91A686}.Release|Any CPU.ActiveCfg = Release|x86
		{275D2213-5030-4B1B-A152-BAE6ED91A686}.Release|Mixed Platforms.ActiveCfg = Release|x86
		{275D2213-5030-4B1B-A152-BAE6ED91A686}.Release|Mixed Platforms.Build.0 = Release|x86
		{275D2213-5030-4B1B-A152-BAE6ED91A686}.Release|x86.ActiveCfg = Release|x86
		{275D2213-5030-4B1B-A152-BAE6ED91A686}.Release|x86.Build.0 = Release|x86
		{2633E4A8-ECFA-4283-A232-C996B7208121}.Debug|Any CPU.ActiveCfg = Debug|Any CPU
		{2633E4A8-ECFA-4283-A232-C996B7208121}.Debug|Any CPU.Build.0 = Debug|Any CPU
		{2633E4A8-ECFA-4283-A232-C996B7208121}.Debug|Mixed Platforms.ActiveCfg = Debug|Any CPU
		{2633E4A8-ECFA-4283-A232-C996B7208121}.Debug|Mixed Platforms.Build.0 = Debug|Any CPU
		{2633E4A8-ECFA-4283-A232-C996B7208121}.Debug|x86.ActiveCfg = Debug|Any CPU
		{2633E4A8-ECFA-4283-A232-C996B7208121}.Release|Any CPU.ActiveCfg = Release|Any CPU
		{2633E4A8-ECFA-4283-A232-C996B7208121}.Release|Any CPU.Build.0 = Release|Any CPU
		{2633E4A8-ECFA-4283-A232-C996B7208121}.Release|Mixed Platforms.ActiveCfg = Release|Any CPU
		{2633E4A8-ECFA-4283-A232-C996B7208121}.Release|Mixed Platforms.Build.0 = Release|Any CPU
		{2633E4A8-ECFA-4283-A232-C996B7208121}.Release|x86.ActiveCfg = Release|Any CPU
	EndGlobalSection
	GlobalSection(SolutionProperties) = preSolution
		HideSolutionNode = FALSE
	EndGlobalSection
EndGlobal
